
Microsoft Visual Studio Solution File, Format Version 12.00
# Visual Studio Version 17
VisualStudioVersion = 17.1.32210.238
MinimumVisualStudioVersion = 10.0.40219.1
Project("{FAE04EC0-301F-11D3-BF4B-00C04F79EFBC}") = "uppgift1", "uppgift1\uppgift1.csproj", "{F99CE9AE-CC52-4BF1-BBEB-EA0DA30B1C6E}"
EndProject
Global
	GlobalSection(SolutionConfigurationPlatforms) = preSolution
		Debug|Any CPU = Debug|Any CPU
		Release|Any CPU = Release|Any CPU
	EndGlobalSection
	GlobalSection(ProjectConfigurationPlatforms) = postSolution
		{F99CE9AE-CC52-4BF1-BBEB-EA0DA30B1C6E}.Debug|Any CPU.ActiveCfg = Debug|Any CPU
		{F99CE9AE-CC52-4BF1-BBEB-EA0DA30B1C6E}.Debug|Any CPU.Build.0 = Debug|Any CPU
		{F99CE9AE-CC52-4BF1-BBEB-EA0DA30B1C6E}.Release|Any CPU.ActiveCfg = Release|Any CPU
		{F99CE9AE-CC52-4BF1-BBEB-EA0DA30B1C6E}.Release|Any CPU.Build.0 = Release|Any CPU
	EndGlobalSection
	GlobalSection(SolutionProperties) = preSolution
		HideSolutionNode = FALSE
	EndGlobalSection
	GlobalSection(ExtensibilityGlobals) = postSolution
		SolutionGuid = {04C881F4-CDD8-4A8C-9705-2AD73CD70FF6}
	EndGlobalSection
EndGlobal
